// !$*UTF8*$!
{
	archiveVersion = 1;
	classes = {
	};
	objectVersion = 46;
	objects = {

/* Begin PBXBuildFile section */
		21F24FEC1C0006AB008F63CC /* AppDelegate.swift in Sources */ = {isa = PBXBuildFile; fileRef = 21F24FEB1C0006AB008F63CC /* AppDelegate.swift */; };
		21F24FEE1C0006AB008F63CC /* ViewController.swift in Sources */ = {isa = PBXBuildFile; fileRef = 21F24FED1C0006AB008F63CC /* ViewController.swift */; };
		21F24FF11C0006AB008F63CC /* Main.storyboard in Resources */ = {isa = PBXBuildFile; fileRef = 21F24FEF1C0006AB008F63CC /* Main.storyboard */; };
		21F24FF31C0006AB008F63CC /* Assets.xcassets in Resources */ = {isa = PBXBuildFile; fileRef = 21F24FF21C0006AB008F63CC /* Assets.xcassets */; };
		21F24FF61C0006AB008F63CC /* LaunchScreen.storyboard in Resources */ = {isa = PBXBuildFile; fileRef = 21F24FF41C0006AB008F63CC /* LaunchScreen.storyboard */; };
/* End PBXBuildFile section */

/* Begin PBXFileReference section */
		21F24FE81C0006AB008F63CC /* HamburguesasCoursera.app */ = {isa = PBXFileReference; explicitFileType = wrapper.application; includeInIndex = 0; path = HamburguesasCoursera.app; sourceTree = BUILT_PRODUCTS_DIR; };
		21F24FEB1C0006AB008F63CC /* AppDelegate.swift */ = {isa = PBXFileReference; lastKnownFileType = sourcecode.swift; path = AppDelegate.swift; sourceTree = "<group>"; };
		21F24FED1C0006AB008F63CC /* ViewController.swift */ = {isa = PBXFileReference; lastKnownFileType = sourcecode.swift; path = ViewController.swift; sourceTree = "<group>"; };
		21F24FF01C0006AB008F63CC /* Base */ = {isa = PBXFileReference; lastKnownFileType = file.storyboard; name = Base; path = Base.lproj/Main.storyboard; sourceTree = "<group>"; };
		21F24FF21C0006AB008F63CC /* Assets.xcassets */ = {isa = PBXFileReference; lastKnownFileType = folder.assetcatalog; path = Assets.xcassets; sourceTree = "<group>"; };
		21F24FF51C0006AB008F63CC /* Base */ = {isa = PBXFileReference; lastKnownFileType = file.storyboard; name = Base; path = Base.lproj/LaunchScreen.storyboard; sourceTree = "<group>"; };
		21F24FF71C0006AB008F63CC /* Info.plist */ = {isa = PBXFileReference; lastKnownFileType = text.plist.xml; path = Info.plist; sourceTree = "<group>"; };
/* End PBXFileReference section */

/* Begin PBXFrameworksBuildPhase section */
		21F24FE51C0006AB008F63CC /* Frameworks */ = {
			isa = PBXFrameworksBuildPhase;
			buildActionMask = 2147483647;
			files = (
			);
			runOnlyForDeploymentPostprocessing = 0;
		};
/* End PBXFrameworksBuildPhase section */

/* Begin PBXGroup section */
		21F24FDF1C0006AB008F63CC = {
			isa = PBXGroup;
			children = (
				21F24FEA1C0006AB008F63CC /* HamburguesasCoursera */,
				21F24FE91C0006AB008F63CC /* Products */,
			);
			sourceTree = "<group>";
		};
		21F24FE91C0006AB008F63CC /* Products */ = {
			isa = PBXGroup;
			children = (
				21F24FE81C0006AB008F63CC /* HamburguesasCoursera.app */,
			);
			name = Products;
			sourceTree = "<group>";
		};
		21F24FEA1C0006AB008F63CC /* HamburguesasCoursera */ = {
			isa = PBXGroup;
			children = (
				21F24FEB1C0006AB008F63CC /* AppDelegate.swift */,
				21F24FED1C0006AB008F63CC /* ViewController.swift */,
				21F24FEF1C0006AB008F63CC /* Main.storyboard */,
				21F24FF21C0006AB008F63CC /* Assets.xcassets */,
				21F24FF41C0006AB008F63CC /* LaunchScreen.storyboard */,
				21F24FF71C0006AB008F63CC /* Info.plist */,
			);
			path = HamburguesasCoursera;
			sourceTree = "<group>";
		};
/* End PBXGroup section */

/* Begin PBXNativeTarget section */
		21F24FE71C0006AB008F63CC /* HamburguesasCoursera */ = {
			isa = PBXNativeTarget;
			buildConfigurationList = 21F24FFA1C0006AB008F63CC /* Build configuration list for PBXNativeTarget "HamburguesasCoursera" */;
			buildPhases = (
				21F24FE41C0006AB008F63CC /* Sources */,
				21F24FE51C0006AB008F63CC /* Frameworks */,
				21F24FE61C0006AB008F63CC /* Resources */,
			);
			buildRules = (
			);
			dependencies = (
			);
			name = HamburguesasCoursera;
			productName = HamburguesasCoursera;
			productReference = 21F24FE81C0006AB008F63CC /* HamburguesasCoursera.app */;
			productType = "com.apple.product-type.application";
		};
/* End PBXNativeTarget section */

/* Begin PBXProject section */
		21F24FE01C0006AB008F63CC /* Project object */ = {
			isa = PBXProject;
			attributes = {
				LastSwiftUpdateCheck = 0710;
				LastUpgradeCheck = 0710;
				ORGANIZATIONNAME = "Arbo Corporation";
				TargetAttributes = {
					21F24FE71C0006AB008F63CC = {
						CreatedOnToolsVersion = 7.1.1;
						DevelopmentTeam = 5YAD8TY8HZ;
					};
				};
			};
			buildConfigurationList = 21F24FE31C0006AB008F63CC /* Build configuration list for PBXProject "HamburguesasCoursera" */;
			compatibilityVersion = "Xcode 3.2";
			developmentRegion = English;
			hasScannedForEncodings = 0;
			knownRegions = (
				en,
				Base,
			);
			mainGroup = 21F24FDF1C0006AB008F63CC;
			productRefGroup = 21F24FE91C0006AB008F63CC /* Products */;
			projectDirPath = "";
			projectRoot = "";
			targets = (
				21F24FE71C0006AB008F63CC /* HamburguesasCoursera */,
			);
		};
/* End PBXProject section */

/* Begin PBXResourcesBuildPhase section */
		21F24FE61C0006AB008F63CC /* Resources */ = {
			isa = PBXResourcesBuildPhase;
			buildActionMask = 2147483647;
			files = (
				21F24FF61C0006AB008F63CC /* LaunchScreen.storyboard in Resources */,
				21F24FF31C0006AB008F63CC /* Assets.xcassets in Resources */,
				21F24FF11C0006AB008F63CC /* Main.storyboard in Resources */,
			);
			runOnlyForDeploymentPostprocessing = 0;
		};
/* End PBXResourcesBuildPhase section */

/* Begin PBXSourcesBuildPhase section */
		21F24FE41C0006AB008F63CC /* Sources */ = {
			isa = PBXSourcesBuildPhase;
			buildActionMask = 2147483647;
			files = (
				21F24FEE1C0006AB008F63CC /* ViewController.swift in Sources */,
				21F24FEC1C0006AB008F63CC /* AppDelegate.swift in Sources */,
			);
			runOnlyForDeploymentPostprocessing = 0;
		};
/* End PBXSourcesBuildPhase section */

/* Begin PBXVariantGroup section */
		21F24FEF1C0006AB008F63CC /* Main.storyboard */ = {
			isa = PBXVariantGroup;
			children = (
				21F24FF01C0006AB008F63CC /* Base */,
			);
			name = Main.storyboard;
			sourceTree = "<group>";
		};
		21F24FF41C0006AB008F63CC /* LaunchScreen.storyboard */ = {
			isa = PBXVariantGroup;
			children = (
				21F24FF51C0006AB008F63CC /* Base */,
			);
			name = LaunchScreen.storyboard;
			sourceTree = "<group>";
		};
/* End PBXVariantGroup section */

/* Begin XCBuildConfiguration section */
		21F24FF81C0006AB008F63CC /* Debug */ = {
			isa = XCBuildConfiguration;
			buildSettings = {
				ALWAYS_SEARCH_USER_PATHS = NO;
				CLANG_CXX_LANGUAGE_STANDARD = "gnu++0x";
				CLANG_CXX_LIBRARY = "libc++";
				CLANG_ENABLE_MODULES = YES;
				CLANG_ENABLE_OBJC_ARC = YES;
				CLANG_WARN_BOOL_CONVERSION = YES;
				CLANG_WARN_CONSTANT_CONVERSION = YES;
				CLANG_WARN_DIRECT_OBJC_ISA_USAGE = YES_ERROR;
				CLANG_WARN_EMPTY_BODY = YES;
				CLANG_WARN_ENUM_CONVERSION = YES;
				CLANG_WARN_INT_CONVERSION = YES;
				CLANG_WARN_OBJC_ROOT_CLASS = YES_ERROR;
				CLANG_WARN_UNREACHABLE_CODE = YES;
				CLANG_WARN__DUPLICATE_METHOD_MATCH = YES;
				"CODE_SIGN_IDENTITY[sdk=iphoneos*]" = "iPhone Developer";
				COPY_PHASE_STRIP = NO;
				DEBUG_INFORMATION_FORMAT = dwarf;
				ENABLE_STRICT_OBJC_MSGSEND = YES;
				ENABLE_TESTABILITY = YES;
				GCC_C_LANGUAGE_STANDARD = gnu99;
				GCC_DYNAMIC_NO_PIC = NO;
				GCC_NO_COMMON_BLOCKS = YES;
				GCC_OPTIMIZATION_LEVEL = 0;
				GCC_PREPROCESSOR_DEFINITIONS = (
					"DEBUG=1",
					"$(inherited)",
				);
				GCC_WARN_64_TO_32_BIT_CONVERSION = YES;
				GCC_WARN_ABOUT_RETURN_TYPE = YES_ERROR;
				GCC_WARN_UNDECLARED_SELECTOR = YES;
				GCC_WARN_UNINITIALIZED_AUTOS = YES_AGGRESSIVE;
				GCC_WARN_UNUSED_FUNCTION = YES;
				GCC_WARN_UNUSED_VARIABLE = YES;
				IPHONEOS_DEPLOYMENT_TARGET = 9.1;
				MTL_ENABLE_DEBUG_INFO = YES;
				ONLY_ACTIVE_ARCH = YES;
				SDKROOT = iphoneos;
				SWIFT_OPTIMIZATION_LEVEL = "-Onone";
			};
			name = Debug;
		};
		21F24FF91C0006AB008F63CC /* Release */ = {
			isa = XCBuildConfiguration;
			buildSettings = {
				ALWAYS_SEARCH_USER_PATHS = NO;
				CLANG_CXX_LANGUAGE_STANDARD = "gnu++0x";
				CLANG_CXX_LIBRARY = "libc++";
				CLANG_ENABLE_MODULES = YES;
				CLANG_ENABLE_OBJC_ARC = YES;
				CLANG_WARN_BOOL_CONVERSION = YES;
				CLANG_WARN_CONSTANT_CONVERSION = YES;
				CLANG_WARN_DIRECT_OBJC_ISA_USAGE = YES_ERROR;
				CLANG_WARN_EMPTY_BODY = YES;
				CLANG_WARN_ENUM_CONVERSION = YES;
				CLANG_WARN_INT_CONVERSION = YES;
				CLANG_WARN_OBJC_ROOT_CLASS = YES_ERROR;
				CLANG_WARN_UNREACHABLE_CODE = YES;
				CLANG_WARN__DUPLICATE_METHOD_MATCH = YES;
				"CODE_SIGN_IDENTITY[sdk=iphoneos*]" = "iPhone Developer";
				COPY_PHASE_STRIP = NO;
				DEBUG_INFORMATION_FORMAT = "dwarf-with-dsym";
				ENABLE_NS_ASSERTIONS = NO;
				ENABLE_STRICT_OBJC_MSGSEND = YES;
				GCC_C_LANGUAGE_STANDARD = gnu99;
				GCC_NO_COMMON_BLOCKS = YES;
				GCC_WARN_64_TO_32_BIT_CONVERSION = YES;
				GCC_WARN_ABOUT_RETURN_TYPE = YES_ERROR;
				GCC_WARN_UNDECLARED_SELECTOR = YES;
				GCC_WARN_UNINITIALIZED_AUTOS = YES_AGGRESSIVE;
				GCC_WARN_UNUSED_FUNCTION = YES;
				GCC_WARN_UNUSED_VARIABLE = YES;
				IPHONEOS_DEPLOYMENT_TARGET = 9.1;
				MTL_ENABLE_DEBUG_INFO = NO;
				SDKROOT = iphoneos;
				VALIDATE_PRODUCT = YES;
			};
			name = Release;
		};
		21F24FFB1C0006AB008F63CC /* Debug */ = {
			isa = XCBuildConfiguration;
			buildSettings = {
				ASSETCATALOG_COMPILER_APPICON_NAME = AppIcon;
				INFOPLIST_FILE = HamburguesasCoursera/Info.plist;
				LD_RUNPATH_SEARCH_PATHS = "$(inherited) @executable_path/Frameworks";
				PRODUCT_BUNDLE_IDENTIFIER = ve.com.arbo.learning.swift.HamburguesasCoursera;
				PRODUCT_NAME = "$(TARGET_NAME)";
			};
			name = Debug;
		};
		21F24FFC1C0006AB008F63CC /* Release */ = {
			isa = XCBuildConfiguration;
			buildSettings = {
				ASSETCATALOG_COMPILER_APPICON_NAME = AppIcon;
				INFOPLIST_FILE = HamburguesasCoursera/Info.plist;
				LD_RUNPATH_SEARCH_PATHS = "$(inherited) @executable_path/Frameworks";
				PRODUCT_BUNDLE_IDENTIFIER = ve.com.arbo.learning.swift.HamburguesasCoursera;
				PRODUCT_NAME = "$(TARGET_NAME)";
			};
			name = Release;
		};
/* End XCBuildConfiguration section */

/* Begin XCConfigurationList section */
		21F24FE31C0006AB008F63CC /* Build configuration list for PBXProject "HamburguesasCoursera" */ = {
			isa = XCConfigurationList;
			buildConfigurations = (
				21F24FF81C0006AB008F63CC /* Debug */,
				21F24FF91C0006AB008F63CC /* Release */,
			);
			defaultConfigurationIsVisible = 0;
			defaultConfigurationName = Release;
		};
		21F24FFA1C0006AB008F63CC /* Build configuration list for PBXNativeTarget "HamburguesasCoursera" */ = {
			isa = XCConfigurationList;
			buildConfigurations = (
				21F24FFB1C0006AB008F63CC /* Debug */,
				21F24FFC1C0006AB008F63CC /* Release */,
			);
			defaultConfigurationIsVisible = 0;
		};
/* End XCConfigurationList section */
	};
	rootObject = 21F24FE01C0006AB008F63CC /* Project object */;
}
